<?xml version="1.0" encoding="utf-8"?>
<Project ToolsVersion="4.0" xmlns="http://schemas.microsoft.com/developer/msbuild/2003">
  <ItemGroup>
    <Filter Include="Source Files">
      <UniqueIdentifier>{4FC737F1-C7A5-4376-A066-2A32D752A2FF}</UniqueIdentifier>
      <Extensions>cpp;c;cc;cxx;def;odl;idl;hpj;bat;asm;asmx</Extensions>
    </Filter>
    <Filter Include="Header Files">
      <UniqueIdentifier>{93995380-89BD-4b04-88EB-625FBE52EBFB}</UniqueIdentifier>
      <Extensions>h;hh;hpp;hxx;hm;inl;inc;ipp;xsd</Extensions>
    </Filter>
    <Filter Include="Resource Files">
      <UniqueIdentifier>{67DA6AB6-F800-4c08-8B7A-83BB121AAD01}</UniqueIdentifier>
      <Extensions>rc;ico;cur;bmp;dlg;rc2;rct;bin;rgs;gif;jpg;jpeg;jpe;resx;tiff;tif;png;wav;mfcribbon-ms</Extensions>
    </Filter>
    <Filter Include="Header Files\learn">
      <UniqueIdentifier>{8f2272f4-1f9d-4722-baba-925edc9ecd98}</UniqueIdentifier>
    </Filter>
    <Filter Include="Header Files\util">
      <UniqueIdentifier>{e45353be-78cf-494e-b30b-a4223a9f5adb}</UniqueIdentifier>
    </Filter>
  </ItemGroup>
  <ItemGroup>
    <ClInclude Include="HiddenLayer.h">
      <Filter>Header Files</Filter>
    </ClInclude>
    <ClInclude Include="InputLayer.h">
      <Filter>Header Files</Filter>
    </ClInclude>
    <ClInclude Include="Layer.h">
      <Filter>Header Files</Filter>
    </ClInclude>
    <ClInclude Include="NeuralNet.h">
      <Filter>Header Files</Filter>
    </ClInclude>
    <ClInclude Include="NeuralNetTest.h">
      <Filter>Header Files</Filter>
    </ClInclude>
    <ClInclude Include="Neuron.h">
      <Filter>Header Files</Filter>
    </ClInclude>
    <ClInclude Include="OutputLayer.h">
      <Filter>Header Files</Filter>
    </ClInclude>
    <ClInclude Include="Training.h">
      <Filter>Header Files\learn</Filter>
    </ClInclude>
    <ClInclude Include="Backpropagation.h">
      <Filter>Header Files\learn</Filter>
    </ClInclude>
    <ClInclude Include="IdentityMatrix.h">
      <Filter>Header Files\util</Filter>
    </ClInclude>
    <ClInclude Include="Matrix.h">
      <Filter>Header Files\util</Filter>
    </ClInclude>
    <ClInclude Include="Vector.h">
      <Filter>Header Files\util</Filter>
    </ClInclude>
    <ClInclude Include="enum.h">
      <Filter>Header Files\util</Filter>
    </ClInclude>
  </ItemGroup>
  <ItemGroup>
    <ClCompile Include="NeuralNetTest.cpp">
      <Filter>Source Files</Filter>
    </ClCompile>
  </ItemGroup>
</Project>